// !$*UTF8*$!
{
	archiveVersion = 1;
	classes = {
	};
	objectVersion = 50;
	objects = {

/* Begin PBXBuildFile section */
		27E402312436A1B70073ABF2 /* AppDelegate.swift in Sources */ = {isa = PBXBuildFile; fileRef = 27E402302436A1B70073ABF2 /* AppDelegate.swift */; };
		27E402332436A1B70073ABF2 /* ViewController.swift in Sources */ = {isa = PBXBuildFile; fileRef = 27E402322436A1B70073ABF2 /* ViewController.swift */; };
		27E402362436A1B70073ABF2 /* VacationPlanner.xcdatamodeld in Sources */ = {isa = PBXBuildFile; fileRef = 27E402342436A1B70073ABF2 /* VacationPlanner.xcdatamodeld */; };
		27E402382436A1BA0073ABF2 /* Assets.xcassets in Resources */ = {isa = PBXBuildFile; fileRef = 27E402372436A1BA0073ABF2 /* Assets.xcassets */; };
		27E4023B2436A1BA0073ABF2 /* Main.storyboard in Resources */ = {isa = PBXBuildFile; fileRef = 27E402392436A1BA0073ABF2 /* Main.storyboard */; };
		27E402472436A1BB0073ABF2 /* VacationPlannerTests.swift in Sources */ = {isa = PBXBuildFile; fileRef = 27E402462436A1BB0073ABF2 /* VacationPlannerTests.swift */; };
		27E402522436A1BB0073ABF2 /* VacationPlannerUITests.swift in Sources */ = {isa = PBXBuildFile; fileRef = 27E402512436A1BB0073ABF2 /* VacationPlannerUITests.swift */; };
		27E402602436AC8F0073ABF2 /* TripListViewController.swift in Sources */ = {isa = PBXBuildFile; fileRef = 27E4025F2436AC8F0073ABF2 /* TripListViewController.swift */; };
/* End PBXBuildFile section */

/* Begin PBXContainerItemProxy section */
		27E402432436A1BB0073ABF2 /* PBXContainerItemProxy */ = {
			isa = PBXContainerItemProxy;
			containerPortal = 27E402252436A1B70073ABF2 /* Project object */;
			proxyType = 1;
			remoteGlobalIDString = 27E4022C2436A1B70073ABF2;
			remoteInfo = VacationPlanner;
		};
		27E4024E2436A1BB0073ABF2 /* PBXContainerItemProxy */ = {
			isa = PBXContainerItemProxy;
			containerPortal = 27E402252436A1B70073ABF2 /* Project object */;
			proxyType = 1;
			remoteGlobalIDString = 27E4022C2436A1B70073ABF2;
			remoteInfo = VacationPlanner;
		};
/* End PBXContainerItemProxy section */

/* Begin PBXFileReference section */
		27E4022D2436A1B70073ABF2 /* VacationPlanner.app */ = {isa = PBXFileReference; explicitFileType = wrapper.application; includeInIndex = 0; path = VacationPlanner.app; sourceTree = BUILT_PRODUCTS_DIR; };
		27E402302436A1B70073ABF2 /* AppDelegate.swift */ = {isa = PBXFileReference; lastKnownFileType = sourcecode.swift; path = AppDelegate.swift; sourceTree = "<group>"; };
		27E402322436A1B70073ABF2 /* ViewController.swift */ = {isa = PBXFileReference; lastKnownFileType = sourcecode.swift; path = ViewController.swift; sourceTree = "<group>"; };
		27E402352436A1B70073ABF2 /* VacationPlanner.xcdatamodel */ = {isa = PBXFileReference; lastKnownFileType = wrapper.xcdatamodel; path = VacationPlanner.xcdatamodel; sourceTree = "<group>"; };
		27E402372436A1BA0073ABF2 /* Assets.xcassets */ = {isa = PBXFileReference; lastKnownFileType = folder.assetcatalog; path = Assets.xcassets; sourceTree = "<group>"; };
		27E4023A2436A1BA0073ABF2 /* Base */ = {isa = PBXFileReference; lastKnownFileType = file.storyboard; name = Base; path = Base.lproj/Main.storyboard; sourceTree = "<group>"; };
		27E4023C2436A1BA0073ABF2 /* Info.plist */ = {isa = PBXFileReference; lastKnownFileType = text.plist.xml; path = Info.plist; sourceTree = "<group>"; };
		27E4023D2436A1BA0073ABF2 /* VacationPlanner.entitlements */ = {isa = PBXFileReference; lastKnownFileType = text.plist.entitlements; path = VacationPlanner.entitlements; sourceTree = "<group>"; };
		27E402422436A1BB0073ABF2 /* VacationPlannerTests.xctest */ = {isa = PBXFileReference; explicitFileType = wrapper.cfbundle; includeInIndex = 0; path = VacationPlannerTests.xctest; sourceTree = BUILT_PRODUCTS_DIR; };
		27E402462436A1BB0073ABF2 /* VacationPlannerTests.swift */ = {isa = PBXFileReference; lastKnownFileType = sourcecode.swift; path = VacationPlannerTests.swift; sourceTree = "<group>"; };
		27E402482436A1BB0073ABF2 /* Info.plist */ = {isa = PBXFileReference; lastKnownFileType = text.plist.xml; path = Info.plist; sourceTree = "<group>"; };
		27E4024D2436A1BB0073ABF2 /* VacationPlannerUITests.xctest */ = {isa = PBXFileReference; explicitFileType = wrapper.cfbundle; includeInIndex = 0; path = VacationPlannerUITests.xctest; sourceTree = BUILT_PRODUCTS_DIR; };
		27E402512436A1BB0073ABF2 /* VacationPlannerUITests.swift */ = {isa = PBXFileReference; lastKnownFileType = sourcecode.swift; path = VacationPlannerUITests.swift; sourceTree = "<group>"; };
		27E402532436A1BB0073ABF2 /* Info.plist */ = {isa = PBXFileReference; lastKnownFileType = text.plist.xml; path = Info.plist; sourceTree = "<group>"; };
		27E4025F2436AC8F0073ABF2 /* TripListViewController.swift */ = {isa = PBXFileReference; lastKnownFileType = sourcecode.swift; path = TripListViewController.swift; sourceTree = "<group>"; };
/* End PBXFileReference section */

/* Begin PBXFrameworksBuildPhase section */
		27E4022A2436A1B70073ABF2 /* Frameworks */ = {
			isa = PBXFrameworksBuildPhase;
			buildActionMask = 2147483647;
			files = (
			);
			runOnlyForDeploymentPostprocessing = 0;
		};
		27E4023F2436A1BB0073ABF2 /* Frameworks */ = {
			isa = PBXFrameworksBuildPhase;
			buildActionMask = 2147483647;
			files = (
			);
			runOnlyForDeploymentPostprocessing = 0;
		};
		27E4024A2436A1BB0073ABF2 /* Frameworks */ = {
			isa = PBXFrameworksBuildPhase;
			buildActionMask = 2147483647;
			files = (
			);
			runOnlyForDeploymentPostprocessing = 0;
		};
/* End PBXFrameworksBuildPhase section */

/* Begin PBXGroup section */
		27E402242436A1B70073ABF2 = {
			isa = PBXGroup;
			children = (
				27E4022F2436A1B70073ABF2 /* VacationPlanner */,
				27E402452436A1BB0073ABF2 /* VacationPlannerTests */,
				27E402502436A1BB0073ABF2 /* VacationPlannerUITests */,
				27E4022E2436A1B70073ABF2 /* Products */,
			);
			sourceTree = "<group>";
		};
		27E4022E2436A1B70073ABF2 /* Products */ = {
			isa = PBXGroup;
			children = (
				27E4022D2436A1B70073ABF2 /* VacationPlanner.app */,
				27E402422436A1BB0073ABF2 /* VacationPlannerTests.xctest */,
				27E4024D2436A1BB0073ABF2 /* VacationPlannerUITests.xctest */,
			);
			name = Products;
			sourceTree = "<group>";
		};
		27E4022F2436A1B70073ABF2 /* VacationPlanner */ = {
			isa = PBXGroup;
			children = (
				27E402302436A1B70073ABF2 /* AppDelegate.swift */,
				27E402322436A1B70073ABF2 /* ViewController.swift */,
				27E402372436A1BA0073ABF2 /* Assets.xcassets */,
				27E402392436A1BA0073ABF2 /* Main.storyboard */,
				27E4025F2436AC8F0073ABF2 /* TripListViewController.swift */,
				27E4023C2436A1BA0073ABF2 /* Info.plist */,
				27E4023D2436A1BA0073ABF2 /* VacationPlanner.entitlements */,
				27E402342436A1B70073ABF2 /* VacationPlanner.xcdatamodeld */,
			);
			path = VacationPlanner;
			sourceTree = "<group>";
		};
		27E402452436A1BB0073ABF2 /* VacationPlannerTests */ = {
			isa = PBXGroup;
			children = (
				27E402462436A1BB0073ABF2 /* VacationPlannerTests.swift */,
				27E402482436A1BB0073ABF2 /* Info.plist */,
			);
			path = VacationPlannerTests;
			sourceTree = "<group>";
		};
		27E402502436A1BB0073ABF2 /* VacationPlannerUITests */ = {
			isa = PBXGroup;
			children = (
				27E402512436A1BB0073ABF2 /* VacationPlannerUITests.swift */,
				27E402532436A1BB0073ABF2 /* Info.plist */,
			);
			path = VacationPlannerUITests;
			sourceTree = "<group>";
		};
/* End PBXGroup section */

/* Begin PBXNativeTarget section */
		27E4022C2436A1B70073ABF2 /* VacationPlanner */ = {
			isa = PBXNativeTarget;
			buildConfigurationList = 27E402562436A1BB0073ABF2 /* Build configuration list for PBXNativeTarget "VacationPlanner" */;
			buildPhases = (
				27E402292436A1B70073ABF2 /* Sources */,
				27E4022A2436A1B70073ABF2 /* Frameworks */,
				27E4022B2436A1B70073ABF2 /* Resources */,
			);
			buildRules = (
			);
			dependencies = (
			);
			name = VacationPlanner;
			productName = VacationPlanner;
			productReference = 27E4022D2436A1B70073ABF2 /* VacationPlanner.app */;
			productType = "com.apple.product-type.application";
		};
		27E402412436A1BB0073ABF2 /* VacationPlannerTests */ = {
			isa = PBXNativeTarget;
			buildConfigurationList = 27E402592436A1BB0073ABF2 /* Build configuration list for PBXNativeTarget "VacationPlannerTests" */;
			buildPhases = (
				27E4023E2436A1BB0073ABF2 /* Sources */,
				27E4023F2436A1BB0073ABF2 /* Frameworks */,
				27E402402436A1BB0073ABF2 /* Resources */,
			);
			buildRules = (
			);
			dependencies = (
				27E402442436A1BB0073ABF2 /* PBXTargetDependency */,
			);
			name = VacationPlannerTests;
			productName = VacationPlannerTests;
			productReference = 27E402422436A1BB0073ABF2 /* VacationPlannerTests.xctest */;
			productType = "com.apple.product-type.bundle.unit-test";
		};
		27E4024C2436A1BB0073ABF2 /* VacationPlannerUITests */ = {
			isa = PBXNativeTarget;
			buildConfigurationList = 27E4025C2436A1BB0073ABF2 /* Build configuration list for PBXNativeTarget "VacationPlannerUITests" */;
			buildPhases = (
				27E402492436A1BB0073ABF2 /* Sources */,
				27E4024A2436A1BB0073ABF2 /* Frameworks */,
				27E4024B2436A1BB0073ABF2 /* Resources */,
			);
			buildRules = (
			);
			dependencies = (
				27E4024F2436A1BB0073ABF2 /* PBXTargetDependency */,
			);
			name = VacationPlannerUITests;
			productName = VacationPlannerUITests;
			productReference = 27E4024D2436A1BB0073ABF2 /* VacationPlannerUITests.xctest */;
			productType = "com.apple.product-type.bundle.ui-testing";
		};
/* End PBXNativeTarget section */

/* Begin PBXProject section */
		27E402252436A1B70073ABF2 /* Project object */ = {
			isa = PBXProject;
			attributes = {
				LastSwiftUpdateCheck = 1140;
				LastUpgradeCheck = 1140;
				ORGANIZATIONNAME = "Mike Brave";
				TargetAttributes = {
					27E4022C2436A1B70073ABF2 = {
						CreatedOnToolsVersion = 11.4;
					};
					27E402412436A1BB0073ABF2 = {
						CreatedOnToolsVersion = 11.4;
						TestTargetID = 27E4022C2436A1B70073ABF2;
					};
					27E4024C2436A1BB0073ABF2 = {
						CreatedOnToolsVersion = 11.4;
						TestTargetID = 27E4022C2436A1B70073ABF2;
					};
				};
			};
			buildConfigurationList = 27E402282436A1B70073ABF2 /* Build configuration list for PBXProject "VacationPlanner" */;
			compatibilityVersion = "Xcode 9.3";
			developmentRegion = en;
			hasScannedForEncodings = 0;
			knownRegions = (
				en,
				Base,
			);
			mainGroup = 27E402242436A1B70073ABF2;
			productRefGroup = 27E4022E2436A1B70073ABF2 /* Products */;
			projectDirPath = "";
			projectRoot = "";
			targets = (
				27E4022C2436A1B70073ABF2 /* VacationPlanner */,
				27E402412436A1BB0073ABF2 /* VacationPlannerTests */,
				27E4024C2436A1BB0073ABF2 /* VacationPlannerUITests */,
			);
		};
/* End PBXProject section */

/* Begin PBXResourcesBuildPhase section */
		27E4022B2436A1B70073ABF2 /* Resources */ = {
			isa = PBXResourcesBuildPhase;
			buildActionMask = 2147483647;
			files = (
				27E402382436A1BA0073ABF2 /* Assets.xcassets in Resources */,
				27E4023B2436A1BA0073ABF2 /* Main.storyboard in Resources */,
			);
			runOnlyForDeploymentPostprocessing = 0;
		};
		27E402402436A1BB0073ABF2 /* Resources */ = {
			isa = PBXResourcesBuildPhase;
			buildActionMask = 2147483647;
			files = (
			);
			runOnlyForDeploymentPostprocessing = 0;
		};
		27E4024B2436A1BB0073ABF2 /* Resources */ = {
			isa = PBXResourcesBuildPhase;
			buildActionMask = 2147483647;
			files = (
			);
			runOnlyForDeploymentPostprocessing = 0;
		};
/* End PBXResourcesBuildPhase section */

/* Begin PBXSourcesBuildPhase section */
		27E402292436A1B70073ABF2 /* Sources */ = {
			isa = PBXSourcesBuildPhase;
			buildActionMask = 2147483647;
			files = (
				27E402332436A1B70073ABF2 /* ViewController.swift in Sources */,
				27E402602436AC8F0073ABF2 /* TripListViewController.swift in Sources */,
				27E402312436A1B70073ABF2 /* AppDelegate.swift in Sources */,
				27E402362436A1B70073ABF2 /* VacationPlanner.xcdatamodeld in Sources */,
			);
			runOnlyForDeploymentPostprocessing = 0;
		};
		27E4023E2436A1BB0073ABF2 /* Sources */ = {
			isa = PBXSourcesBuildPhase;
			buildActionMask = 2147483647;
			files = (
				27E402472436A1BB0073ABF2 /* VacationPlannerTests.swift in Sources */,
			);
			runOnlyForDeploymentPostprocessing = 0;
		};
		27E402492436A1BB0073ABF2 /* Sources */ = {
			isa = PBXSourcesBuildPhase;
			buildActionMask = 2147483647;
			files = (
				27E402522436A1BB0073ABF2 /* VacationPlannerUITests.swift in Sources */,
			);
			runOnlyForDeploymentPostprocessing = 0;
		};
/* End PBXSourcesBuildPhase section */

/* Begin PBXTargetDependency section */
		27E402442436A1BB0073ABF2 /* PBXTargetDependency */ = {
			isa = PBXTargetDependency;
			target = 27E4022C2436A1B70073ABF2 /* VacationPlanner */;
			targetProxy = 27E402432436A1BB0073ABF2 /* PBXContainerItemProxy */;
		};
		27E4024F2436A1BB0073ABF2 /* PBXTargetDependency */ = {
			isa = PBXTargetDependency;
			target = 27E4022C2436A1B70073ABF2 /* VacationPlanner */;
			targetProxy = 27E4024E2436A1BB0073ABF2 /* PBXContainerItemProxy */;
		};
/* End PBXTargetDependency section */

/* Begin PBXVariantGroup section */
		27E402392436A1BA0073ABF2 /* Main.storyboard */ = {
			isa = PBXVariantGroup;
			children = (
				27E4023A2436A1BA0073ABF2 /* Base */,
			);
			name = Main.storyboard;
			sourceTree = "<group>";
		};
/* End PBXVariantGroup section */

/* Begin XCBuildConfiguration section */
		27E402542436A1BB0073ABF2 /* Debug */ = {
			isa = XCBuildConfiguration;
			buildSettings = {
				ALWAYS_SEARCH_USER_PATHS = NO;
				CLANG_ANALYZER_NONNULL = YES;
				CLANG_ANALYZER_NUMBER_OBJECT_CONVERSION = YES_AGGRESSIVE;
				CLANG_CXX_LANGUAGE_STANDARD = "gnu++14";
				CLANG_CXX_LIBRARY = "libc++";
				CLANG_ENABLE_MODULES = YES;
				CLANG_ENABLE_OBJC_ARC = YES;
				CLANG_ENABLE_OBJC_WEAK = YES;
				CLANG_WARN_BLOCK_CAPTURE_AUTORELEASING = YES;
				CLANG_WARN_BOOL_CONVERSION = YES;
				CLANG_WARN_COMMA = YES;
				CLANG_WARN_CONSTANT_CONVERSION = YES;
				CLANG_WARN_DEPRECATED_OBJC_IMPLEMENTATIONS = YES;
				CLANG_WARN_DIRECT_OBJC_ISA_USAGE = YES_ERROR;
				CLANG_WARN_DOCUMENTATION_COMMENTS = YES;
				CLANG_WARN_EMPTY_BODY = YES;
				CLANG_WARN_ENUM_CONVERSION = YES;
				CLANG_WARN_INFINITE_RECURSION = YES;
				CLANG_WARN_INT_CONVERSION = YES;
				CLANG_WARN_NON_LITERAL_NULL_CONVERSION = YES;
				CLANG_WARN_OBJC_IMPLICIT_RETAIN_SELF = YES;
				CLANG_WARN_OBJC_LITERAL_CONVERSION = YES;
				CLANG_WARN_OBJC_ROOT_CLASS = YES_ERROR;
				CLANG_WARN_RANGE_LOOP_ANALYSIS = YES;
				CLANG_WARN_STRICT_PROTOTYPES = YES;
				CLANG_WARN_SUSPICIOUS_MOVE = YES;
				CLANG_WARN_UNGUARDED_AVAILABILITY = YES_AGGRESSIVE;
				CLANG_WARN_UNREACHABLE_CODE = YES;
				CLANG_WARN__DUPLICATE_METHOD_MATCH = YES;
				COPY_PHASE_STRIP = NO;
				DEBUG_INFORMATION_FORMAT = dwarf;
				ENABLE_STRICT_OBJC_MSGSEND = YES;
				ENABLE_TESTABILITY = YES;
				GCC_C_LANGUAGE_STANDARD = gnu11;
				GCC_DYNAMIC_NO_PIC = NO;
				GCC_NO_COMMON_BLOCKS = YES;
				GCC_OPTIMIZATION_LEVEL = 0;
				GCC_PREPROCESSOR_DEFINITIONS = (
					"DEBUG=1",
					"$(inherited)",
				);
				GCC_WARN_64_TO_32_BIT_CONVERSION = YES;
				GCC_WARN_ABOUT_RETURN_TYPE = YES_ERROR;
				GCC_WARN_UNDECLARED_SELECTOR = YES;
				GCC_WARN_UNINITIALIZED_AUTOS = YES_AGGRESSIVE;
				GCC_WARN_UNUSED_FUNCTION = YES;
				GCC_WARN_UNUSED_VARIABLE = YES;
				MACOSX_DEPLOYMENT_TARGET = 10.15;
				MTL_ENABLE_DEBUG_INFO = INCLUDE_SOURCE;
				MTL_FAST_MATH = YES;
				ONLY_ACTIVE_ARCH = YES;
				SDKROOT = macosx;
				SWIFT_ACTIVE_COMPILATION_CONDITIONS = DEBUG;
				SWIFT_OPTIMIZATION_LEVEL = "-Onone";
			};
			name = Debug;
		};
		27E402552436A1BB0073ABF2 /* Release */ = {
			isa = XCBuildConfiguration;
			buildSettings = {
				ALWAYS_SEARCH_USER_PATHS = NO;
				CLANG_ANALYZER_NONNULL = YES;
				CLANG_ANALYZER_NUMBER_OBJECT_CONVERSION = YES_AGGRESSIVE;
				CLANG_CXX_LANGUAGE_STANDARD = "gnu++14";
				CLANG_CXX_LIBRARY = "libc++";
				CLANG_ENABLE_MODULES = YES;
				CLANG_ENABLE_OBJC_ARC = YES;
				CLANG_ENABLE_OBJC_WEAK = YES;
				CLANG_WARN_BLOCK_CAPTURE_AUTORELEASING = YES;
				CLANG_WARN_BOOL_CONVERSION = YES;
				CLANG_WARN_COMMA = YES;
				CLANG_WARN_CONSTANT_CONVERSION = YES;
				CLANG_WARN_DEPRECATED_OBJC_IMPLEMENTATIONS = YES;
				CLANG_WARN_DIRECT_OBJC_ISA_USAGE = YES_ERROR;
				CLANG_WARN_DOCUMENTATION_COMMENTS = YES;
				CLANG_WARN_EMPTY_BODY = YES;
				CLANG_WARN_ENUM_CONVERSION = YES;
				CLANG_WARN_INFINITE_RECURSION = YES;
				CLANG_WARN_INT_CONVERSION = YES;
				CLANG_WARN_NON_LITERAL_NULL_CONVERSION = YES;
				CLANG_WARN_OBJC_IMPLICIT_RETAIN_SELF = YES;
				CLANG_WARN_OBJC_LITERAL_CONVERSION = YES;
				CLANG_WARN_OBJC_ROOT_CLASS = YES_ERROR;
				CLANG_WARN_RANGE_LOOP_ANALYSIS = YES;
				CLANG_WARN_STRICT_PROTOTYPES = YES;
				CLANG_WARN_SUSPICIOUS_MOVE = YES;
				CLANG_WARN_UNGUARDED_AVAILABILITY = YES_AGGRESSIVE;
				CLANG_WARN_UNREACHABLE_CODE = YES;
				CLANG_WARN__DUPLICATE_METHOD_MATCH = YES;
				COPY_PHASE_STRIP = NO;
				DEBUG_INFORMATION_FORMAT = "dwarf-with-dsym";
				ENABLE_NS_ASSERTIONS = NO;
				ENABLE_STRICT_OBJC_MSGSEND = YES;
				GCC_C_LANGUAGE_STANDARD = gnu11;
				GCC_NO_COMMON_BLOCKS = YES;
				GCC_WARN_64_TO_32_BIT_CONVERSION = YES;
				GCC_WARN_ABOUT_RETURN_TYPE = YES_ERROR;
				GCC_WARN_UNDECLARED_SELECTOR = YES;
				GCC_WARN_UNINITIALIZED_AUTOS = YES_AGGRESSIVE;
				GCC_WARN_UNUSED_FUNCTION = YES;
				GCC_WARN_UNUSED_VARIABLE = YES;
				MACOSX_DEPLOYMENT_TARGET = 10.15;
				MTL_ENABLE_DEBUG_INFO = NO;
				MTL_FAST_MATH = YES;
				SDKROOT = macosx;
				SWIFT_COMPILATION_MODE = wholemodule;
				SWIFT_OPTIMIZATION_LEVEL = "-O";
			};
			name = Release;
		};
		27E402572436A1BB0073ABF2 /* Debug */ = {
			isa = XCBuildConfiguration;
			buildSettings = {
				ASSETCATALOG_COMPILER_APPICON_NAME = AppIcon;
				CODE_SIGN_ENTITLEMENTS = VacationPlanner/VacationPlanner.entitlements;
				CODE_SIGN_STYLE = Automatic;
				COMBINE_HIDPI_IMAGES = YES;
				INFOPLIST_FILE = VacationPlanner/Info.plist;
				LD_RUNPATH_SEARCH_PATHS = (
					"$(inherited)",
					"@executable_path/../Frameworks",
				);
				PRODUCT_BUNDLE_IDENTIFIER = "-2.VacationPlanner";
				PRODUCT_NAME = "$(TARGET_NAME)";
				SWIFT_VERSION = 5.0;
			};
			name = Debug;
		};
		27E402582436A1BB0073ABF2 /* Release */ = {
			isa = XCBuildConfiguration;
			buildSettings = {
				ASSETCATALOG_COMPILER_APPICON_NAME = AppIcon;
				CODE_SIGN_ENTITLEMENTS = VacationPlanner/VacationPlanner.entitlements;
				CODE_SIGN_STYLE = Automatic;
				COMBINE_HIDPI_IMAGES = YES;
				INFOPLIST_FILE = VacationPlanner/Info.plist;
				LD_RUNPATH_SEARCH_PATHS = (
					"$(inherited)",
					"@executable_path/../Frameworks",
				);
				PRODUCT_BUNDLE_IDENTIFIER = "-2.VacationPlanner";
				PRODUCT_NAME = "$(TARGET_NAME)";
				SWIFT_VERSION = 5.0;
			};
			name = Release;
		};
		27E4025A2436A1BB0073ABF2 /* Debug */ = {
			isa = XCBuildConfiguration;
			buildSettings = {
				ALWAYS_EMBED_SWIFT_STANDARD_LIBRARIES = YES;
				BUNDLE_LOADER = "$(TEST_HOST)";
				CODE_SIGN_STYLE = Automatic;
				COMBINE_HIDPI_IMAGES = YES;
				INFOPLIST_FILE = VacationPlannerTests/Info.plist;
				LD_RUNPATH_SEARCH_PATHS = (
					"$(inherited)",
					"@executable_path/../Frameworks",
					"@loader_path/../Frameworks",
				);
				MACOSX_DEPLOYMENT_TARGET = 10.15;
				PRODUCT_BUNDLE_IDENTIFIER = "-2.VacationPlannerTests";
				PRODUCT_NAME = "$(TARGET_NAME)";
				SWIFT_VERSION = 5.0;
				TEST_HOST = "$(BUILT_PRODUCTS_DIR)/VacationPlanner.app/Contents/MacOS/VacationPlanner";
			};
			name = Debug;
		};
		27E4025B2436A1BB0073ABF2 /* Release */ = {
			isa = XCBuildConfiguration;
			buildSettings = {
				ALWAYS_EMBED_SWIFT_STANDARD_LIBRARIES = YES;
				BUNDLE_LOADER = "$(TEST_HOST)";
				CODE_SIGN_STYLE = Automatic;
				COMBINE_HIDPI_IMAGES = YES;
				INFOPLIST_FILE = VacationPlannerTests/Info.plist;
				LD_RUNPATH_SEARCH_PATHS = (
					"$(inherited)",
					"@executable_path/../Frameworks",
					"@loader_path/../Frameworks",
				);
				MACOSX_DEPLOYMENT_TARGET = 10.15;
				PRODUCT_BUNDLE_IDENTIFIER = "-2.VacationPlannerTests";
				PRODUCT_NAME = "$(TARGET_NAME)";
				SWIFT_VERSION = 5.0;
				TEST_HOST = "$(BUILT_PRODUCTS_DIR)/VacationPlanner.app/Contents/MacOS/VacationPlanner";
			};
			name = Release;
		};
		27E4025D2436A1BB0073ABF2 /* Debug */ = {
			isa = XCBuildConfiguration;
			buildSettings = {
				ALWAYS_EMBED_SWIFT_STANDARD_LIBRARIES = YES;
				CODE_SIGN_STYLE = Automatic;
				COMBINE_HIDPI_IMAGES = YES;
				INFOPLIST_FILE = VacationPlannerUITests/Info.plist;
				LD_RUNPATH_SEARCH_PATHS = (
					"$(inherited)",
					"@executable_path/../Frameworks",
					"@loader_path/../Frameworks",
				);
				PRODUCT_BUNDLE_IDENTIFIER = "-2.VacationPlannerUITests";
				PRODUCT_NAME = "$(TARGET_NAME)";
				SWIFT_VERSION = 5.0;
				TEST_TARGET_NAME = VacationPlanner;
			};
			name = Debug;
		};
		27E4025E2436A1BB0073ABF2 /* Release */ = {
			isa = XCBuildConfiguration;
			buildSettings = {
				ALWAYS_EMBED_SWIFT_STANDARD_LIBRARIES = YES;
				CODE_SIGN_STYLE = Automatic;
				COMBINE_HIDPI_IMAGES = YES;
				INFOPLIST_FILE = VacationPlannerUITests/Info.plist;
				LD_RUNPATH_SEARCH_PATHS = (
					"$(inherited)",
					"@executable_path/../Frameworks",
					"@loader_path/../Frameworks",
				);
				PRODUCT_BUNDLE_IDENTIFIER = "-2.VacationPlannerUITests";
				PRODUCT_NAME = "$(TARGET_NAME)";
				SWIFT_VERSION = 5.0;
				TEST_TARGET_NAME = VacationPlanner;
			};
			name = Release;
		};
/* End XCBuildConfiguration section */

/* Begin XCConfigurationList section */
		27E402282436A1B70073ABF2 /* Build configuration list for PBXProject "VacationPlanner" */ = {
			isa = XCConfigurationList;
			buildConfigurations = (
				27E402542436A1BB0073ABF2 /* Debug */,
				27E402552436A1BB0073ABF2 /* Release */,
			);
			defaultConfigurationIsVisible = 0;
			defaultConfigurationName = Release;
		};
		27E402562436A1BB0073ABF2 /* Build configuration list for PBXNativeTarget "VacationPlanner" */ = {
			isa = XCConfigurationList;
			buildConfigurations = (
				27E402572436A1BB0073ABF2 /* Debug */,
				27E402582436A1BB0073ABF2 /* Release */,
			);
			defaultConfigurationIsVisible = 0;
			defaultConfigurationName = Release;
		};
		27E402592436A1BB0073ABF2 /* Build configuration list for PBXNativeTarget "VacationPlannerTests" */ = {
			isa = XCConfigurationList;
			buildConfigurations = (
				27E4025A2436A1BB0073ABF2 /* Debug */,
				27E4025B2436A1BB0073ABF2 /* Release */,
			);
			defaultConfigurationIsVisible = 0;
			defaultConfigurationName = Release;
		};
		27E4025C2436A1BB0073ABF2 /* Build configuration list for PBXNativeTarget "VacationPlannerUITests" */ = {
			isa = XCConfigurationList;
			buildConfigurations = (
				27E4025D2436A1BB0073ABF2 /* Debug */,
				27E4025E2436A1BB0073ABF2 /* Release */,
			);
			defaultConfigurationIsVisible = 0;
			defaultConfigurationName = Release;
		};
/* End XCConfigurationList section */

/* Begin XCVersionGroup section */
		27E402342436A1B70073ABF2 /* VacationPlanner.xcdatamodeld */ = {
			isa = XCVersionGroup;
			children = (
				27E402352436A1B70073ABF2 /* VacationPlanner.xcdatamodel */,
			);
			currentVersion = 27E402352436A1B70073ABF2 /* VacationPlanner.xcdatamodel */;
			path = VacationPlanner.xcdatamodeld;
			sourceTree = "<group>";
			versionGroupType = wrapper.xcdatamodel;
		};
/* End XCVersionGroup section */
	};
	rootObject = 27E402252436A1B70073ABF2 /* Project object */;
}
